
Microsoft Visual Studio Solution File, Format Version 12.00
# Visual Studio Version 17
VisualStudioVersion = 17.11.35327.3
MinimumVisualStudioVersion = 10.0.40219.1
Project("{9A19103F-16F7-4668-BE54-9A1E7A4F7556}") = "ERPApi", "ERPApi.csproj", "{530047FB-0E92-4CD8-8D05-69784A90A2BD}"
EndProject
Project("{9A19103F-16F7-4668-BE54-9A1E7A4F7556}") = "ERPWebApp", "..\ERPWebApp\ERPWebApp.csproj", "{3886337E-A30B-4029-B551-11F6F64BBB1A}"
EndProject
Global
	GlobalSection(SolutionConfigurationPlatforms) = preSolution
		Debug|Any CPU = Debug|Any CPU
		Release|Any CPU = Release|Any CPU
	EndGlobalSection
	GlobalSection(ProjectConfigurationPlatforms) = postSolution
		{530047FB-0E92-4CD8-8D05-69784A90A2BD}.Debug|Any CPU.ActiveCfg = Debug|Any CPU
		{530047FB-0E92-4CD8-8D05-69784A90A2BD}.Debug|Any CPU.Build.0 = Debug|Any CPU
		{530047FB-0E92-4CD8-8D05-69784A90A2BD}.Release|Any CPU.ActiveCfg = Release|Any CPU
		{530047FB-0E92-4CD8-8D05-69784A90A2BD}.Release|Any CPU.Build.0 = Release|Any CPU
		{3886337E-A30B-4029-B551-11F6F64BBB1A}.Debug|Any CPU.ActiveCfg = Debug|Any CPU
		{3886337E-A30B-4029-B551-11F6F64BBB1A}.Debug|Any CPU.Build.0 = Debug|Any CPU
		{3886337E-A30B-4029-B551-11F6F64BBB1A}.Release|Any CPU.ActiveCfg = Release|Any CPU
		{3886337E-A30B-4029-B551-11F6F64BBB1A}.Release|Any CPU.Build.0 = Release|Any CPU
	EndGlobalSection
	GlobalSection(SolutionProperties) = preSolution
		HideSolutionNode = FALSE
	EndGlobalSection
	GlobalSection(ExtensibilityGlobals) = postSolution
		SolutionGuid = {A0A92E9E-A185-4FB0-9F28-82FCD17EF935}
	EndGlobalSection
EndGlobal
